
Microsoft Visual Studio Solution File, Format Version 10.00
# Visual Studio 2008
Project("{FAE04EC0-301F-11D3-BF4B-00C04F79EFBC}") = "RilNET", "RilNET.csproj", "{EE9F7AF3-59F5-4315-8CF3-A78432C71DCB}"
EndProject
Project("{FAE04EC0-301F-11D3-BF4B-00C04F79EFBC}") = "RILnetDemo", "..\RILnetDemo\RILnetDemo.csproj", "{D2A81F94-855F-437A-9115-E861EBE07748}"
EndProject
Global
	GlobalSection(SolutionConfigurationPlatforms) = preSolution
		Debug|Any CPU = Debug|Any CPU
		Release|Any CPU = Release|Any CPU
	EndGlobalSection
	GlobalSection(ProjectConfigurationPlatforms) = postSolution
		{EE9F7AF3-59F5-4315-8CF3-A78432C71DCB}.Debug|Any CPU.ActiveCfg = Debug|Any CPU
		{EE9F7AF3-59F5-4315-8CF3-A78432C71DCB}.Debug|Any CPU.Build.0 = Debug|Any CPU
		{EE9F7AF3-59F5-4315-8CF3-A78432C71DCB}.Release|Any CPU.ActiveCfg = Release|Any CPU
		{EE9F7AF3-59F5-4315-8CF3-A78432C71DCB}.Release|Any CPU.Build.0 = Release|Any CPU
		{D2A81F94-855F-437A-9115-E861EBE07748}.Debug|Any CPU.ActiveCfg = Debug|Any CPU
		{D2A81F94-855F-437A-9115-E861EBE07748}.Debug|Any CPU.Build.0 = Debug|Any CPU
		{D2A81F94-855F-437A-9115-E861EBE07748}.Debug|Any CPU.Deploy.0 = Debug|Any CPU
		{D2A81F94-855F-437A-9115-E861EBE07748}.Release|Any CPU.ActiveCfg = Release|Any CPU
		{D2A81F94-855F-437A-9115-E861EBE07748}.Release|Any CPU.Build.0 = Release|Any CPU
		{D2A81F94-855F-437A-9115-E861EBE07748}.Release|Any CPU.Deploy.0 = Release|Any CPU
	EndGlobalSection
	GlobalSection(SolutionProperties) = preSolution
		HideSolutionNode = FALSE
	EndGlobalSection
EndGlobal
